// !$*UTF8*$!
{
	archiveVersion = 1;
	classes = {
	};
	objectVersion = 50;
	objects = {

/* Begin PBXBuildFile section */
		A2D0F7DC22EF841800175F8C /* CreateIssueViewController.swift in Sources */ = {isa = PBXBuildFile; fileRef = A2D0F7DB22EF841800175F8C /* CreateIssueViewController.swift */; };
		EF03D4AC22EE2CDC00A01648 /* AllowLocationViewController.swift in Sources */ = {isa = PBXBuildFile; fileRef = EF03D4AB22EE2CDC00A01648 /* AllowLocationViewController.swift */; };
		EF03D4AE22EE6DD400A01648 /* FeedViewController.swift in Sources */ = {isa = PBXBuildFile; fileRef = EF03D4AD22EE6DD400A01648 /* FeedViewController.swift */; };
		EF03D4B322EE7A9000A01648 /* User.swift in Sources */ = {isa = PBXBuildFile; fileRef = EF03D4B222EE7A9000A01648 /* User.swift */; };
		EF03D4B522EE7B0000A01648 /* APIController.swift in Sources */ = {isa = PBXBuildFile; fileRef = EF03D4B422EE7B0000A01648 /* APIController.swift */; };
		EF03D4B722EE7E6200A01648 /* Bearer.swift in Sources */ = {isa = PBXBuildFile; fileRef = EF03D4B622EE7E6200A01648 /* Bearer.swift */; };
		EF03D4BA22EE7FD100A01648 /* UserAuthentication.swift in Sources */ = {isa = PBXBuildFile; fileRef = EF03D4B922EE7FD100A01648 /* UserAuthentication.swift */; };
		EF0A69A022ECDBF6004115F4 /* AppDelegate.swift in Sources */ = {isa = PBXBuildFile; fileRef = EF0A699F22ECDBF6004115F4 /* AppDelegate.swift */; };
		EF0A69A522ECDBF6004115F4 /* Main.storyboard in Resources */ = {isa = PBXBuildFile; fileRef = EF0A69A322ECDBF6004115F4 /* Main.storyboard */; };
		EF0A69A722ECDC1B004115F4 /* Assets.xcassets in Resources */ = {isa = PBXBuildFile; fileRef = EF0A69A622ECDC1B004115F4 /* Assets.xcassets */; };
		EF0A69AA22ECDC1B004115F4 /* LaunchScreen.storyboard in Resources */ = {isa = PBXBuildFile; fileRef = EF0A69A822ECDC1B004115F4 /* LaunchScreen.storyboard */; };
		EFF49FB122ED042600363D1C /* SF-Pro-Display-Medium.otf in Resources */ = {isa = PBXBuildFile; fileRef = EFF49FAF22ED02DD00363D1C /* SF-Pro-Display-Medium.otf */; };
		EFF49FB522ED07E200363D1C /* PageViewController.swift in Sources */ = {isa = PBXBuildFile; fileRef = EFF49FB422ED07E200363D1C /* PageViewController.swift */; };
		EFF49FB722ED372D00363D1C /* LoginViewController.swift in Sources */ = {isa = PBXBuildFile; fileRef = EFF49FB622ED372D00363D1C /* LoginViewController.swift */; };
		EFF49FB922ED373F00363D1C /* SignUpViewController.swift in Sources */ = {isa = PBXBuildFile; fileRef = EFF49FB822ED373F00363D1C /* SignUpViewController.swift */; };
		EFF7981122EF585E001CE26D /* Design.swift in Sources */ = {isa = PBXBuildFile; fileRef = EFF7981022EF585E001CE26D /* Design.swift */; };
		EFF7981322EF6742001CE26D /* CreateIssue.storyboard in Resources */ = {isa = PBXBuildFile; fileRef = EFF7981222EF6742001CE26D /* CreateIssue.storyboard */; };
/* End PBXBuildFile section */

/* Begin PBXFileReference section */
		A2D0F7DB22EF841800175F8C /* CreateIssueViewController.swift */ = {isa = PBXFileReference; lastKnownFileType = sourcecode.swift; path = CreateIssueViewController.swift; sourceTree = "<group>"; };
		EF03D4AB22EE2CDC00A01648 /* AllowLocationViewController.swift */ = {isa = PBXFileReference; lastKnownFileType = sourcecode.swift; name = AllowLocationViewController.swift; path = ../AllowLocationViewController.swift; sourceTree = "<group>"; };
		EF03D4AD22EE6DD400A01648 /* FeedViewController.swift */ = {isa = PBXFileReference; lastKnownFileType = sourcecode.swift; path = FeedViewController.swift; sourceTree = "<group>"; };
		EF03D4B222EE7A9000A01648 /* User.swift */ = {isa = PBXFileReference; lastKnownFileType = sourcecode.swift; path = User.swift; sourceTree = "<group>"; };
		EF03D4B422EE7B0000A01648 /* APIController.swift */ = {isa = PBXFileReference; lastKnownFileType = sourcecode.swift; path = APIController.swift; sourceTree = "<group>"; };
		EF03D4B622EE7E6200A01648 /* Bearer.swift */ = {isa = PBXFileReference; lastKnownFileType = sourcecode.swift; name = Bearer.swift; path = "../New Group/Bearer.swift"; sourceTree = "<group>"; };
		EF03D4B922EE7FD100A01648 /* UserAuthentication.swift */ = {isa = PBXFileReference; lastKnownFileType = sourcecode.swift; path = UserAuthentication.swift; sourceTree = "<group>"; };
		EF0A699C22ECDBF6004115F4 /* Co-Make.app */ = {isa = PBXFileReference; explicitFileType = wrapper.application; includeInIndex = 0; path = "Co-Make.app"; sourceTree = BUILT_PRODUCTS_DIR; };
		EF0A699F22ECDBF6004115F4 /* AppDelegate.swift */ = {isa = PBXFileReference; lastKnownFileType = sourcecode.swift; path = AppDelegate.swift; sourceTree = "<group>"; };
		EF0A69A422ECDBF6004115F4 /* Base */ = {isa = PBXFileReference; lastKnownFileType = file.storyboard; name = Base; path = Base.lproj/Main.storyboard; sourceTree = "<group>"; };
		EF0A69A622ECDC1B004115F4 /* Assets.xcassets */ = {isa = PBXFileReference; lastKnownFileType = folder.assetcatalog; path = Assets.xcassets; sourceTree = "<group>"; };
		EF0A69A922ECDC1B004115F4 /* Base */ = {isa = PBXFileReference; lastKnownFileType = file.storyboard; name = Base; path = Base.lproj/LaunchScreen.storyboard; sourceTree = "<group>"; };
		EF0A69AB22ECDC1B004115F4 /* Info.plist */ = {isa = PBXFileReference; lastKnownFileType = text.plist.xml; path = Info.plist; sourceTree = "<group>"; };
		EFF49FAF22ED02DD00363D1C /* SF-Pro-Display-Medium.otf */ = {isa = PBXFileReference; lastKnownFileType = file; path = "SF-Pro-Display-Medium.otf"; sourceTree = "<group>"; };
		EFF49FB422ED07E200363D1C /* PageViewController.swift */ = {isa = PBXFileReference; lastKnownFileType = sourcecode.swift; name = PageViewController.swift; path = ../PageViewController.swift; sourceTree = "<group>"; };
		EFF49FB622ED372D00363D1C /* LoginViewController.swift */ = {isa = PBXFileReference; lastKnownFileType = sourcecode.swift; name = LoginViewController.swift; path = ../LoginViewController.swift; sourceTree = "<group>"; };
		EFF49FB822ED373F00363D1C /* SignUpViewController.swift */ = {isa = PBXFileReference; lastKnownFileType = sourcecode.swift; name = SignUpViewController.swift; path = ../SignUpViewController.swift; sourceTree = "<group>"; };
		EFF7981022EF585E001CE26D /* Design.swift */ = {isa = PBXFileReference; fileEncoding = 4; lastKnownFileType = sourcecode.swift; name = Design.swift; path = "../../../../Buildo/Buildo/Buildo/OnboardingVc's/Design.swift"; sourceTree = "<group>"; };
		EFF7981222EF6742001CE26D /* CreateIssue.storyboard */ = {isa = PBXFileReference; lastKnownFileType = file.storyboard; path = CreateIssue.storyboard; sourceTree = "<group>"; };
/* End PBXFileReference section */

/* Begin PBXFrameworksBuildPhase section */
		EF0A699922ECDBF5004115F4 /* Frameworks */ = {
			isa = PBXFrameworksBuildPhase;
			buildActionMask = 2147483647;
			files = (
			);
			runOnlyForDeploymentPostprocessing = 0;
		};
/* End PBXFrameworksBuildPhase section */

/* Begin PBXGroup section */
		EF03D4AF22EE6EF600A01648 /* New Group */ = {
			isa = PBXGroup;
			children = (
				EF03D4AB22EE2CDC00A01648 /* AllowLocationViewController.swift */,
				EFF49FB622ED372D00363D1C /* LoginViewController.swift */,
				EFF49FB822ED373F00363D1C /* SignUpViewController.swift */,
				EFF7981022EF585E001CE26D /* Design.swift */,
				EFF49FB422ED07E200363D1C /* PageViewController.swift */,
			);
			path = "New Group";
			sourceTree = "<group>";
		};
		EF03D4B822EE7EC300A01648 /* New Group1 */ = {
			isa = PBXGroup;
			children = (
				EF03D4B922EE7FD100A01648 /* UserAuthentication.swift */,
				EF03D4B222EE7A9000A01648 /* User.swift */,
				EF03D4B622EE7E6200A01648 /* Bearer.swift */,
			);
			path = "New Group1";
			sourceTree = "<group>";
		};
		EF0A699322ECDBF5004115F4 = {
			isa = PBXGroup;
			children = (
				EF0A699E22ECDBF6004115F4 /* Co-Make */,
				EF0A699D22ECDBF6004115F4 /* Products */,
			);
			sourceTree = "<group>";
		};
		EF0A699D22ECDBF6004115F4 /* Products */ = {
			isa = PBXGroup;
			children = (
				EF0A699C22ECDBF6004115F4 /* Co-Make.app */,
			);
			name = Products;
			sourceTree = "<group>";
		};
		EF0A699E22ECDBF6004115F4 /* Co-Make */ = {
			isa = PBXGroup;
			children = (
				EF03D4B422EE7B0000A01648 /* APIController.swift */,
				EF03D4B822EE7EC300A01648 /* New Group1 */,
				EF0A699F22ECDBF6004115F4 /* AppDelegate.swift */,
				EF0A69A322ECDBF6004115F4 /* Main.storyboard */,
				EFF7981222EF6742001CE26D /* CreateIssue.storyboard */,
				A2D0F7DB22EF841800175F8C /* CreateIssueViewController.swift */,
				EF03D4AD22EE6DD400A01648 /* FeedViewController.swift */,
				EF03D4AF22EE6EF600A01648 /* New Group */,
				EF0A69A622ECDC1B004115F4 /* Assets.xcassets */,
				EF0A69A822ECDC1B004115F4 /* LaunchScreen.storyboard */,
				EF0A69AB22ECDC1B004115F4 /* Info.plist */,
				EFF49FAD22ED02DD00363D1C /* Fonts */,
			);
			path = "Co-Make";
			sourceTree = "<group>";
		};
		EFF49FAD22ED02DD00363D1C /* Fonts */ = {
			isa = PBXGroup;
			children = (
				EFF49FAF22ED02DD00363D1C /* SF-Pro-Display-Medium.otf */,
			);
			path = Fonts;
			sourceTree = "<group>";
		};
/* End PBXGroup section */

/* Begin PBXNativeTarget section */
		EF0A699B22ECDBF5004115F4 /* Co-Make */ = {
			isa = PBXNativeTarget;
			buildConfigurationList = EF0A69AE22ECDC1B004115F4 /* Build configuration list for PBXNativeTarget "Co-Make" */;
			buildPhases = (
				EF0A699822ECDBF5004115F4 /* Sources */,
				EF0A699922ECDBF5004115F4 /* Frameworks */,
				EF0A699A22ECDBF5004115F4 /* Resources */,
			);
			buildRules = (
			);
			dependencies = (
			);
			name = "Co-Make";
			productName = "Co-Make";
			productReference = EF0A699C22ECDBF6004115F4 /* Co-Make.app */;
			productType = "com.apple.product-type.application";
		};
/* End PBXNativeTarget section */

/* Begin PBXProject section */
		EF0A699422ECDBF5004115F4 /* Project object */ = {
			isa = PBXProject;
			attributes = {
				LastSwiftUpdateCheck = 1020;
				LastUpgradeCheck = 1020;
				ORGANIZATIONNAME = "Luqmaan Khan";
				TargetAttributes = {
					EF0A699B22ECDBF5004115F4 = {
						CreatedOnToolsVersion = 10.2.1;
					};
				};
			};
			buildConfigurationList = EF0A699722ECDBF5004115F4 /* Build configuration list for PBXProject "Co-Make" */;
			compatibilityVersion = "Xcode 9.3";
			developmentRegion = en;
			hasScannedForEncodings = 0;
			knownRegions = (
				en,
				Base,
			);
			mainGroup = EF0A699322ECDBF5004115F4;
			productRefGroup = EF0A699D22ECDBF6004115F4 /* Products */;
			projectDirPath = "";
			projectRoot = "";
			targets = (
				EF0A699B22ECDBF5004115F4 /* Co-Make */,
			);
		};
/* End PBXProject section */

/* Begin PBXResourcesBuildPhase section */
		EF0A699A22ECDBF5004115F4 /* Resources */ = {
			isa = PBXResourcesBuildPhase;
			buildActionMask = 2147483647;
			files = (
				EFF49FB122ED042600363D1C /* SF-Pro-Display-Medium.otf in Resources */,
				EF0A69AA22ECDC1B004115F4 /* LaunchScreen.storyboard in Resources */,
				EFF7981322EF6742001CE26D /* CreateIssue.storyboard in Resources */,
				EF0A69A722ECDC1B004115F4 /* Assets.xcassets in Resources */,
				EF0A69A522ECDBF6004115F4 /* Main.storyboard in Resources */,
			);
			runOnlyForDeploymentPostprocessing = 0;
		};
/* End PBXResourcesBuildPhase section */

/* Begin PBXSourcesBuildPhase section */
		EF0A699822ECDBF5004115F4 /* Sources */ = {
			isa = PBXSourcesBuildPhase;
			buildActionMask = 2147483647;
			files = (
				EF03D4BA22EE7FD100A01648 /* UserAuthentication.swift in Sources */,
				EFF49FB722ED372D00363D1C /* LoginViewController.swift in Sources */,
				A2D0F7DC22EF841800175F8C /* CreateIssueViewController.swift in Sources */,
				EF03D4AC22EE2CDC00A01648 /* AllowLocationViewController.swift in Sources */,
				EFF7981122EF585E001CE26D /* Design.swift in Sources */,
				EF03D4B722EE7E6200A01648 /* Bearer.swift in Sources */,
				EFF49FB522ED07E200363D1C /* PageViewController.swift in Sources */,
				EFF49FB922ED373F00363D1C /* SignUpViewController.swift in Sources */,
				EF03D4B522EE7B0000A01648 /* APIController.swift in Sources */,
				EF03D4AE22EE6DD400A01648 /* FeedViewController.swift in Sources */,
				EF0A69A022ECDBF6004115F4 /* AppDelegate.swift in Sources */,
				EF03D4B322EE7A9000A01648 /* User.swift in Sources */,
			);
			runOnlyForDeploymentPostprocessing = 0;
		};
/* End PBXSourcesBuildPhase section */

/* Begin PBXVariantGroup section */
		EF0A69A322ECDBF6004115F4 /* Main.storyboard */ = {
			isa = PBXVariantGroup;
			children = (
				EF0A69A422ECDBF6004115F4 /* Base */,
			);
			name = Main.storyboard;
			sourceTree = "<group>";
		};
		EF0A69A822ECDC1B004115F4 /* LaunchScreen.storyboard */ = {
			isa = PBXVariantGroup;
			children = (
				EF0A69A922ECDC1B004115F4 /* Base */,
			);
			name = LaunchScreen.storyboard;
			sourceTree = "<group>";
		};
/* End PBXVariantGroup section */

/* Begin XCBuildConfiguration section */
		EF0A69AC22ECDC1B004115F4 /* Debug */ = {
			isa = XCBuildConfiguration;
			buildSettings = {
				ALWAYS_SEARCH_USER_PATHS = NO;
				CLANG_ANALYZER_NONNULL = YES;
				CLANG_ANALYZER_NUMBER_OBJECT_CONVERSION = YES_AGGRESSIVE;
				CLANG_CXX_LANGUAGE_STANDARD = "gnu++14";
				CLANG_CXX_LIBRARY = "libc++";
				CLANG_ENABLE_MODULES = YES;
				CLANG_ENABLE_OBJC_ARC = YES;
				CLANG_ENABLE_OBJC_WEAK = YES;
				CLANG_WARN_BLOCK_CAPTURE_AUTORELEASING = YES;
				CLANG_WARN_BOOL_CONVERSION = YES;
				CLANG_WARN_COMMA = YES;
				CLANG_WARN_CONSTANT_CONVERSION = YES;
				CLANG_WARN_DEPRECATED_OBJC_IMPLEMENTATIONS = YES;
				CLANG_WARN_DIRECT_OBJC_ISA_USAGE = YES_ERROR;
				CLANG_WARN_DOCUMENTATION_COMMENTS = YES;
				CLANG_WARN_EMPTY_BODY = YES;
				CLANG_WARN_ENUM_CONVERSION = YES;
				CLANG_WARN_INFINITE_RECURSION = YES;
				CLANG_WARN_INT_CONVERSION = YES;
				CLANG_WARN_NON_LITERAL_NULL_CONVERSION = YES;
				CLANG_WARN_OBJC_IMPLICIT_RETAIN_SELF = YES;
				CLANG_WARN_OBJC_LITERAL_CONVERSION = YES;
				CLANG_WARN_OBJC_ROOT_CLASS = YES_ERROR;
				CLANG_WARN_RANGE_LOOP_ANALYSIS = YES;
				CLANG_WARN_STRICT_PROTOTYPES = YES;
				CLANG_WARN_SUSPICIOUS_MOVE = YES;
				CLANG_WARN_UNGUARDED_AVAILABILITY = YES_AGGRESSIVE;
				CLANG_WARN_UNREACHABLE_CODE = YES;
				CLANG_WARN__DUPLICATE_METHOD_MATCH = YES;
				CODE_SIGN_IDENTITY = "iPhone Developer";
				COPY_PHASE_STRIP = NO;
				DEBUG_INFORMATION_FORMAT = dwarf;
				ENABLE_STRICT_OBJC_MSGSEND = YES;
				ENABLE_TESTABILITY = YES;
				GCC_C_LANGUAGE_STANDARD = gnu11;
				GCC_DYNAMIC_NO_PIC = NO;
				GCC_NO_COMMON_BLOCKS = YES;
				GCC_OPTIMIZATION_LEVEL = 0;
				GCC_PREPROCESSOR_DEFINITIONS = (
					"DEBUG=1",
					"$(inherited)",
				);
				GCC_WARN_64_TO_32_BIT_CONVERSION = YES;
				GCC_WARN_ABOUT_RETURN_TYPE = YES_ERROR;
				GCC_WARN_UNDECLARED_SELECTOR = YES;
				GCC_WARN_UNINITIALIZED_AUTOS = YES_AGGRESSIVE;
				GCC_WARN_UNUSED_FUNCTION = YES;
				GCC_WARN_UNUSED_VARIABLE = YES;
				IPHONEOS_DEPLOYMENT_TARGET = 12.2;
				MTL_ENABLE_DEBUG_INFO = INCLUDE_SOURCE;
				MTL_FAST_MATH = YES;
				ONLY_ACTIVE_ARCH = YES;
				SDKROOT = iphoneos;
				SWIFT_ACTIVE_COMPILATION_CONDITIONS = DEBUG;
				SWIFT_OPTIMIZATION_LEVEL = "-Onone";
			};
			name = Debug;
		};
		EF0A69AD22ECDC1B004115F4 /* Release */ = {
			isa = XCBuildConfiguration;
			buildSettings = {
				ALWAYS_SEARCH_USER_PATHS = NO;
				CLANG_ANALYZER_NONNULL = YES;
				CLANG_ANALYZER_NUMBER_OBJECT_CONVERSION = YES_AGGRESSIVE;
				CLANG_CXX_LANGUAGE_STANDARD = "gnu++14";
				CLANG_CXX_LIBRARY = "libc++";
				CLANG_ENABLE_MODULES = YES;
				CLANG_ENABLE_OBJC_ARC = YES;
				CLANG_ENABLE_OBJC_WEAK = YES;
				CLANG_WARN_BLOCK_CAPTURE_AUTORELEASING = YES;
				CLANG_WARN_BOOL_CONVERSION = YES;
				CLANG_WARN_COMMA = YES;
				CLANG_WARN_CONSTANT_CONVERSION = YES;
				CLANG_WARN_DEPRECATED_OBJC_IMPLEMENTATIONS = YES;
				CLANG_WARN_DIRECT_OBJC_ISA_USAGE = YES_ERROR;
				CLANG_WARN_DOCUMENTATION_COMMENTS = YES;
				CLANG_WARN_EMPTY_BODY = YES;
				CLANG_WARN_ENUM_CONVERSION = YES;
				CLANG_WARN_INFINITE_RECURSION = YES;
				CLANG_WARN_INT_CONVERSION = YES;
				CLANG_WARN_NON_LITERAL_NULL_CONVERSION = YES;
				CLANG_WARN_OBJC_IMPLICIT_RETAIN_SELF = YES;
				CLANG_WARN_OBJC_LITERAL_CONVERSION = YES;
				CLANG_WARN_OBJC_ROOT_CLASS = YES_ERROR;
				CLANG_WARN_RANGE_LOOP_ANALYSIS = YES;
				CLANG_WARN_STRICT_PROTOTYPES = YES;
				CLANG_WARN_SUSPICIOUS_MOVE = YES;
				CLANG_WARN_UNGUARDED_AVAILABILITY = YES_AGGRESSIVE;
				CLANG_WARN_UNREACHABLE_CODE = YES;
				CLANG_WARN__DUPLICATE_METHOD_MATCH = YES;
				CODE_SIGN_IDENTITY = "iPhone Developer";
				COPY_PHASE_STRIP = NO;
				DEBUG_INFORMATION_FORMAT = "dwarf-with-dsym";
				ENABLE_NS_ASSERTIONS = NO;
				ENABLE_STRICT_OBJC_MSGSEND = YES;
				GCC_C_LANGUAGE_STANDARD = gnu11;
				GCC_NO_COMMON_BLOCKS = YES;
				GCC_WARN_64_TO_32_BIT_CONVERSION = YES;
				GCC_WARN_ABOUT_RETURN_TYPE = YES_ERROR;
				GCC_WARN_UNDECLARED_SELECTOR = YES;
				GCC_WARN_UNINITIALIZED_AUTOS = YES_AGGRESSIVE;
				GCC_WARN_UNUSED_FUNCTION = YES;
				GCC_WARN_UNUSED_VARIABLE = YES;
				IPHONEOS_DEPLOYMENT_TARGET = 12.2;
				MTL_ENABLE_DEBUG_INFO = NO;
				MTL_FAST_MATH = YES;
				SDKROOT = iphoneos;
				SWIFT_COMPILATION_MODE = wholemodule;
				SWIFT_OPTIMIZATION_LEVEL = "-O";
				VALIDATE_PRODUCT = YES;
			};
			name = Release;
		};
		EF0A69AF22ECDC1B004115F4 /* Debug */ = {
			isa = XCBuildConfiguration;
			buildSettings = {
				ASSETCATALOG_COMPILER_APPICON_NAME = AppIcon;
				CODE_SIGN_STYLE = Automatic;
				DEVELOPMENT_TEAM = VXUQXR6S56;
				INFOPLIST_FILE = "Co-Make/Info.plist";
				LD_RUNPATH_SEARCH_PATHS = (
					"$(inherited)",
					"@executable_path/Frameworks",
				);
				PRODUCT_BUNDLE_IDENTIFIER = "com.luqmaankhan.Co-Make";
				PRODUCT_NAME = "$(TARGET_NAME)";
				SWIFT_VERSION = 5.0;
				TARGETED_DEVICE_FAMILY = "1,2";
			};
			name = Debug;
		};
		EF0A69B022ECDC1B004115F4 /* Release */ = {
			isa = XCBuildConfiguration;
			buildSettings = {
				ASSETCATALOG_COMPILER_APPICON_NAME = AppIcon;
				CODE_SIGN_STYLE = Automatic;
				DEVELOPMENT_TEAM = VXUQXR6S56;
				INFOPLIST_FILE = "Co-Make/Info.plist";
				LD_RUNPATH_SEARCH_PATHS = (
					"$(inherited)",
					"@executable_path/Frameworks",
				);
				PRODUCT_BUNDLE_IDENTIFIER = "com.luqmaankhan.Co-Make";
				PRODUCT_NAME = "$(TARGET_NAME)";
				SWIFT_VERSION = 5.0;
				TARGETED_DEVICE_FAMILY = "1,2";
			};
			name = Release;
		};
/* End XCBuildConfiguration section */

/* Begin XCConfigurationList section */
		EF0A699722ECDBF5004115F4 /* Build configuration list for PBXProject "Co-Make" */ = {
			isa = XCConfigurationList;
			buildConfigurations = (
				EF0A69AC22ECDC1B004115F4 /* Debug */,
				EF0A69AD22ECDC1B004115F4 /* Release */,
			);
			defaultConfigurationIsVisible = 0;
			defaultConfigurationName = Release;
		};
		EF0A69AE22ECDC1B004115F4 /* Build configuration list for PBXNativeTarget "Co-Make" */ = {
			isa = XCConfigurationList;
			buildConfigurations = (
				EF0A69AF22ECDC1B004115F4 /* Debug */,
				EF0A69B022ECDC1B004115F4 /* Release */,
			);
			defaultConfigurationIsVisible = 0;
			defaultConfigurationName = Release;
		};
/* End XCConfigurationList section */
	};
	rootObject = EF0A699422ECDBF5004115F4 /* Project object */;
}
